
Microsoft Visual Studio Solution File, Format Version 12.00
# Visual Studio 15
VisualStudioVersion = 15.0.28010.2003
MinimumVisualStudioVersion = 10.0.40219.1
Project("{FAE04EC0-301F-11D3-BF4B-00C04F79EFBC}") = "TestConflict", "TestConflict\TestConflict.csproj", "{B704C71B-2343-434E-8AA7-0C6FC89945C7}"
EndProject
Global
	GlobalSection(SolutionConfigurationPlatforms) = preSolution
		Debug|Any CPU = Debug|Any CPU
		Release|Any CPU = Release|Any CPU
	EndGlobalSection
	GlobalSection(ProjectConfigurationPlatforms) = postSolution
		{B704C71B-2343-434E-8AA7-0C6FC89945C7}.Debug|Any CPU.ActiveCfg = Debug|Any CPU
		{B704C71B-2343-434E-8AA7-0C6FC89945C7}.Debug|Any CPU.Build.0 = Debug|Any CPU
		{B704C71B-2343-434E-8AA7-0C6FC89945C7}.Release|Any CPU.ActiveCfg = Release|Any CPU
		{B704C71B-2343-434E-8AA7-0C6FC89945C7}.Release|Any CPU.Build.0 = Release|Any CPU
	EndGlobalSection
	GlobalSection(SolutionProperties) = preSolution
		HideSolutionNode = FALSE
	EndGlobalSection
	GlobalSection(ExtensibilityGlobals) = postSolution
		SolutionGuid = {61C6A64E-7BE0-48A3-B2F1-F90193DF5220}
	EndGlobalSection
EndGlobal
